{
  "name": "adm-zip-async-bug",
  "version": "1.0.0",
  "lockfileVersion": 2,
  "requires": true,
  "packages": {
    "": {
      "name": "adm-zip-async-bug",
      "version": "1.0.0",
      "license": "ISC",
      "dependencies": {
        "adm-zip": "^0.5.7"
      }
    },
    "node_modules/adm-zip": {
      "version": "0.5.7",
      "resolved": "https://registry.npmjs.org/adm-zip/-/adm-zip-0.5.7.tgz",
      "integrity": "sha512-QLEo3eoC2B0i3+g/G5nNzKbGoVOjW2ingZ4TXl7/YeDM+FAl3SiHSNnokTZLFEuVHBn5CbZ42KJcIIsRji1EgQ==",
      "engines": {
        "node": ">=6.0"
      }
    }
  },
  "dependencies": {
    "adm-zip": {
      "version": "0.5.7",
      "resolved": "https://registry.npmjs.org/adm-zip/-/adm-zip-0.5.7.tgz",
      "integrity": "sha512-QLEo3eoC2B0i3+g/G5nNzKbGoVOjW2ingZ4TXl7/YeDM+FAl3SiHSNnokTZLFEuVHBn5CbZ42KJcIIsRji1EgQ=="
    }
  }
}
